
Microsoft Visual Studio Solution File, Format Version 12.00
# Visual Studio 14
VisualStudioVersion = 14.0.25420.1
MinimumVisualStudioVersion = 10.0.40219.1
Project("{E24C65DC-7377-472B-9ABA-BC803B73C61A}") = "DVCS_Website", "DVCS_Website\", "{C7DF35A7-D2DE-41F5-86B9-24CA0AEE9D73}"
	ProjectSection(WebsiteProperties) = preProject
		TargetFrameworkMoniker = ".NETFramework,Version%3Dv4.5.2"
		Debug.AspNetCompiler.VirtualPath = "/localhost_63356"
		Debug.AspNetCompiler.PhysicalPath = "DVCS_Website\"
		Debug.AspNetCompiler.TargetPath = "PrecompiledWeb\localhost_63356\"
		Debug.AspNetCompiler.Updateable = "true"
		Debug.AspNetCompiler.ForceOverwrite = "true"
		Debug.AspNetCompiler.FixedNames = "false"
		Debug.AspNetCompiler.Debug = "True"
		Release.AspNetCompiler.VirtualPath = "/localhost_63356"
		Release.AspNetCompiler.PhysicalPath = "DVCS_Website\"
		Release.AspNetCompiler.TargetPath = "PrecompiledWeb\localhost_63356\"
		Release.AspNetCompiler.Updateable = "true"
		Release.AspNetCompiler.ForceOverwrite = "true"
		Release.AspNetCompiler.FixedNames = "false"
		Release.AspNetCompiler.Debug = "False"
		VWDPort = "63356"
		DefaultWebSiteLanguage = "Visual C#"
	EndProjectSection
EndProject
Project("{FAE04EC0-301F-11D3-BF4B-00C04F79EFBC}") = "Shopping", "Shopping\Shopping.csproj", "{FB5F52BE-BB1B-4E8A-8CD5-F1D6DA31D566}"
EndProject
Global
	GlobalSection(SolutionConfigurationPlatforms) = preSolution
		Debug|Any CPU = Debug|Any CPU
		Release|Any CPU = Release|Any CPU
	EndGlobalSection
	GlobalSection(ProjectConfigurationPlatforms) = postSolution
		{C7DF35A7-D2DE-41F5-86B9-24CA0AEE9D73}.Debug|Any CPU.ActiveCfg = Debug|Any CPU
		{C7DF35A7-D2DE-41F5-86B9-24CA0AEE9D73}.Debug|Any CPU.Build.0 = Debug|Any CPU
		{C7DF35A7-D2DE-41F5-86B9-24CA0AEE9D73}.Release|Any CPU.ActiveCfg = Debug|Any CPU
		{C7DF35A7-D2DE-41F5-86B9-24CA0AEE9D73}.Release|Any CPU.Build.0 = Debug|Any CPU
		{FB5F52BE-BB1B-4E8A-8CD5-F1D6DA31D566}.Debug|Any CPU.ActiveCfg = Debug|Any CPU
		{FB5F52BE-BB1B-4E8A-8CD5-F1D6DA31D566}.Debug|Any CPU.Build.0 = Debug|Any CPU
		{FB5F52BE-BB1B-4E8A-8CD5-F1D6DA31D566}.Release|Any CPU.ActiveCfg = Release|Any CPU
		{FB5F52BE-BB1B-4E8A-8CD5-F1D6DA31D566}.Release|Any CPU.Build.0 = Release|Any CPU
	EndGlobalSection
	GlobalSection(SolutionProperties) = preSolution
		HideSolutionNode = FALSE
	EndGlobalSection
EndGlobal
